// !$*UTF8*$!
{
	archiveVersion = 1;
	classes = {
	};
	objectVersion = 55;
	objects = {

/* Begin PBXBuildFile section */
		7E45A69E2835A14A002C8468 /* SectionView.swift in Sources */ = {isa = PBXBuildFile; fileRef = 7E45A69D2835A14A002C8468 /* SectionView.swift */; };
		7E45A6A2283665B9002C8468 /* DetailView.swift in Sources */ = {isa = PBXBuildFile; fileRef = 7E45A6A1283665B9002C8468 /* DetailView.swift */; };
		7E954B202832D7EF00B582AA /* SearchViewTest.swift in Sources */ = {isa = PBXBuildFile; fileRef = 7E954B1F2832D7EF00B582AA /* SearchViewTest.swift */; };
		7E954B222833C4D600B582AA /* ItemList.swift in Sources */ = {isa = PBXBuildFile; fileRef = 7E954B212833C4D600B582AA /* ItemList.swift */; };
		7E954B252833E38400B582AA /* CircleImage.swift in Sources */ = {isa = PBXBuildFile; fileRef = 7E954B242833E38400B582AA /* CircleImage.swift */; };
		7E97E5692831D6DA004E24FF /* LayoutViewTest.swift in Sources */ = {isa = PBXBuildFile; fileRef = 7E97E5682831D6DA004E24FF /* LayoutViewTest.swift */; };
		7EE2713E2830524B000C831E /* CBL_SUIApp.swift in Sources */ = {isa = PBXBuildFile; fileRef = 7EE2713D2830524B000C831E /* CBL_SUIApp.swift */; };
		7EE271402830524B000C831E /* ContentView.swift in Sources */ = {isa = PBXBuildFile; fileRef = 7EE2713F2830524B000C831E /* ContentView.swift */; };
		7EE271422830524C000C831E /* Assets.xcassets in Resources */ = {isa = PBXBuildFile; fileRef = 7EE271412830524C000C831E /* Assets.xcassets */; };
		7EE271452830524C000C831E /* Preview Assets.xcassets in Resources */ = {isa = PBXBuildFile; fileRef = 7EE271442830524C000C831E /* Preview Assets.xcassets */; };
		7EE2714D283067B2000C831E /* Product.swift in Sources */ = {isa = PBXBuildFile; fileRef = 7EE2714C283067B2000C831E /* Product.swift */; };
		7EE2714F28306EFF000C831E /* Helper.swift in Sources */ = {isa = PBXBuildFile; fileRef = 7EE2714E28306EFF000C831E /* Helper.swift */; };
		7EE27151283074D9000C831E /* menu.json in Resources */ = {isa = PBXBuildFile; fileRef = 7EE27150283074D9000C831E /* menu.json */; };
		7EE2715328309185000C831E /* ItemRow.swift in Sources */ = {isa = PBXBuildFile; fileRef = 7EE2715228309185000C831E /* ItemRow.swift */; };
		7EE2715628309942000C831E /* supermarket.json in Resources */ = {isa = PBXBuildFile; fileRef = 7EE2715428309942000C831E /* supermarket.json */; };
		7EE2715728309942000C831E /* foods.json in Resources */ = {isa = PBXBuildFile; fileRef = 7EE2715528309942000C831E /* foods.json */; };
/* End PBXBuildFile section */

/* Begin PBXFileReference section */
		7E45A69D2835A14A002C8468 /* SectionView.swift */ = {isa = PBXFileReference; lastKnownFileType = sourcecode.swift; path = SectionView.swift; sourceTree = "<group>"; };
		7E45A6A1283665B9002C8468 /* DetailView.swift */ = {isa = PBXFileReference; lastKnownFileType = sourcecode.swift; path = DetailView.swift; sourceTree = "<group>"; usesTabs = 0; };
		7E954B1F2832D7EF00B582AA /* SearchViewTest.swift */ = {isa = PBXFileReference; lastKnownFileType = sourcecode.swift; path = SearchViewTest.swift; sourceTree = "<group>"; };
		7E954B212833C4D600B582AA /* ItemList.swift */ = {isa = PBXFileReference; lastKnownFileType = sourcecode.swift; path = ItemList.swift; sourceTree = "<group>"; };
		7E954B242833E38400B582AA /* CircleImage.swift */ = {isa = PBXFileReference; lastKnownFileType = sourcecode.swift; path = CircleImage.swift; sourceTree = "<group>"; };
		7E97E5682831D6DA004E24FF /* LayoutViewTest.swift */ = {isa = PBXFileReference; lastKnownFileType = sourcecode.swift; path = LayoutViewTest.swift; sourceTree = "<group>"; };
		7EE2713A2830524B000C831E /* CBL-SUI.app */ = {isa = PBXFileReference; explicitFileType = wrapper.application; includeInIndex = 0; path = "CBL-SUI.app"; sourceTree = BUILT_PRODUCTS_DIR; };
		7EE2713D2830524B000C831E /* CBL_SUIApp.swift */ = {isa = PBXFileReference; lastKnownFileType = sourcecode.swift; path = CBL_SUIApp.swift; sourceTree = "<group>"; };
		7EE2713F2830524B000C831E /* ContentView.swift */ = {isa = PBXFileReference; lastKnownFileType = sourcecode.swift; path = ContentView.swift; sourceTree = "<group>"; };
		7EE271412830524C000C831E /* Assets.xcassets */ = {isa = PBXFileReference; lastKnownFileType = folder.assetcatalog; path = Assets.xcassets; sourceTree = "<group>"; };
		7EE271442830524C000C831E /* Preview Assets.xcassets */ = {isa = PBXFileReference; lastKnownFileType = folder.assetcatalog; path = "Preview Assets.xcassets"; sourceTree = "<group>"; };
		7EE2714C283067B2000C831E /* Product.swift */ = {isa = PBXFileReference; lastKnownFileType = sourcecode.swift; path = Product.swift; sourceTree = "<group>"; };
		7EE2714E28306EFF000C831E /* Helper.swift */ = {isa = PBXFileReference; lastKnownFileType = sourcecode.swift; path = Helper.swift; sourceTree = "<group>"; };
		7EE27150283074D9000C831E /* menu.json */ = {isa = PBXFileReference; fileEncoding = 4; lastKnownFileType = text.json; path = menu.json; sourceTree = "<group>"; };
		7EE2715228309185000C831E /* ItemRow.swift */ = {isa = PBXFileReference; lastKnownFileType = sourcecode.swift; path = ItemRow.swift; sourceTree = "<group>"; };
		7EE2715428309942000C831E /* supermarket.json */ = {isa = PBXFileReference; fileEncoding = 4; lastKnownFileType = text.json; path = supermarket.json; sourceTree = "<group>"; };
		7EE2715528309942000C831E /* foods.json */ = {isa = PBXFileReference; fileEncoding = 4; lastKnownFileType = text.json; path = foods.json; sourceTree = "<group>"; };
/* End PBXFileReference section */

/* Begin PBXFrameworksBuildPhase section */
		7EE271372830524B000C831E /* Frameworks */ = {
			isa = PBXFrameworksBuildPhase;
			buildActionMask = 2147483647;
			files = (
			);
			runOnlyForDeploymentPostprocessing = 0;
		};
/* End PBXFrameworksBuildPhase section */

/* Begin PBXGroup section */
		7E954B232833DD2E00B582AA /* Resources */ = {
			isa = PBXGroup;
			children = (
				7EE2715428309942000C831E /* supermarket.json */,
				7EE27150283074D9000C831E /* menu.json */,
				7EE2715528309942000C831E /* foods.json */,
			);
			path = Resources;
			sourceTree = "<group>";
		};
		7E954B2628350E7D00B582AA /* VIew */ = {
			isa = PBXGroup;
			children = (
				7EE2715228309185000C831E /* ItemRow.swift */,
				7E45A69D2835A14A002C8468 /* SectionView.swift */,
				7E45A6A1283665B9002C8468 /* DetailView.swift */,
				7E954B1F2832D7EF00B582AA /* SearchViewTest.swift */,
				7E954B242833E38400B582AA /* CircleImage.swift */,
				7E954B212833C4D600B582AA /* ItemList.swift */,
				7E97E5682831D6DA004E24FF /* LayoutViewTest.swift */,
			);
			path = VIew;
			sourceTree = "<group>";
		};
		7EE271312830524B000C831E = {
			isa = PBXGroup;
			children = (
				7EE2713C2830524B000C831E /* CBL-SUI */,
				7EE2713B2830524B000C831E /* Products */,
			);
			sourceTree = "<group>";
		};
		7EE2713B2830524B000C831E /* Products */ = {
			isa = PBXGroup;
			children = (
				7EE2713A2830524B000C831E /* CBL-SUI.app */,
			);
			name = Products;
			sourceTree = "<group>";
		};
		7EE2713C2830524B000C831E /* CBL-SUI */ = {
			isa = PBXGroup;
			children = (
				7EE2713D2830524B000C831E /* CBL_SUIApp.swift */,
				7EE2713F2830524B000C831E /* ContentView.swift */,
				7E954B2628350E7D00B582AA /* VIew */,
				7EE2714C283067B2000C831E /* Product.swift */,
				7EE2714E28306EFF000C831E /* Helper.swift */,
				7E954B232833DD2E00B582AA /* Resources */,
				7EE271412830524C000C831E /* Assets.xcassets */,
				7EE271432830524C000C831E /* Preview Content */,
			);
			path = "CBL-SUI";
			sourceTree = "<group>";
		};
		7EE271432830524C000C831E /* Preview Content */ = {
			isa = PBXGroup;
			children = (
				7EE271442830524C000C831E /* Preview Assets.xcassets */,
			);
			path = "Preview Content";
			sourceTree = "<group>";
		};
/* End PBXGroup section */

/* Begin PBXNativeTarget section */
		7EE271392830524B000C831E /* CBL-SUI */ = {
			isa = PBXNativeTarget;
			buildConfigurationList = 7EE271482830524C000C831E /* Build configuration list for PBXNativeTarget "CBL-SUI" */;
			buildPhases = (
				7EE271362830524B000C831E /* Sources */,
				7EE271372830524B000C831E /* Frameworks */,
				7EE271382830524B000C831E /* Resources */,
			);
			buildRules = (
			);
			dependencies = (
			);
			name = "CBL-SUI";
			productName = "CBL-SUI";
			productReference = 7EE2713A2830524B000C831E /* CBL-SUI.app */;
			productType = "com.apple.product-type.application";
		};
/* End PBXNativeTarget section */

/* Begin PBXProject section */
		7EE271322830524B000C831E /* Project object */ = {
			isa = PBXProject;
			attributes = {
				BuildIndependentTargetsInParallel = 1;
				LastSwiftUpdateCheck = 1330;
				LastUpgradeCheck = 1330;
				TargetAttributes = {
					7EE271392830524B000C831E = {
						CreatedOnToolsVersion = 13.3.1;
					};
				};
			};
			buildConfigurationList = 7EE271352830524B000C831E /* Build configuration list for PBXProject "CBL-SUI" */;
			compatibilityVersion = "Xcode 13.0";
			developmentRegion = en;
			hasScannedForEncodings = 0;
			knownRegions = (
				en,
				Base,
			);
			mainGroup = 7EE271312830524B000C831E;
			productRefGroup = 7EE2713B2830524B000C831E /* Products */;
			projectDirPath = "";
			projectRoot = "";
			targets = (
				7EE271392830524B000C831E /* CBL-SUI */,
			);
		};
/* End PBXProject section */

/* Begin PBXResourcesBuildPhase section */
		7EE271382830524B000C831E /* Resources */ = {
			isa = PBXResourcesBuildPhase;
			buildActionMask = 2147483647;
			files = (
				7EE27151283074D9000C831E /* menu.json in Resources */,
				7EE271452830524C000C831E /* Preview Assets.xcassets in Resources */,
				7EE271422830524C000C831E /* Assets.xcassets in Resources */,
				7EE2715628309942000C831E /* supermarket.json in Resources */,
				7EE2715728309942000C831E /* foods.json in Resources */,
			);
			runOnlyForDeploymentPostprocessing = 0;
		};
/* End PBXResourcesBuildPhase section */

/* Begin PBXSourcesBuildPhase section */
		7EE271362830524B000C831E /* Sources */ = {
			isa = PBXSourcesBuildPhase;
			buildActionMask = 2147483647;
			files = (
				7EE271402830524B000C831E /* ContentView.swift in Sources */,
				7EE2713E2830524B000C831E /* CBL_SUIApp.swift in Sources */,
				7E954B202832D7EF00B582AA /* SearchViewTest.swift in Sources */,
				7E45A69E2835A14A002C8468 /* SectionView.swift in Sources */,
				7EE2715328309185000C831E /* ItemRow.swift in Sources */,
				7E45A6A2283665B9002C8468 /* DetailView.swift in Sources */,
				7E954B222833C4D600B582AA /* ItemList.swift in Sources */,
				7E954B252833E38400B582AA /* CircleImage.swift in Sources */,
				7EE2714D283067B2000C831E /* Product.swift in Sources */,
				7E97E5692831D6DA004E24FF /* LayoutViewTest.swift in Sources */,
				7EE2714F28306EFF000C831E /* Helper.swift in Sources */,
			);
			runOnlyForDeploymentPostprocessing = 0;
		};
/* End PBXSourcesBuildPhase section */

/* Begin XCBuildConfiguration section */
		7EE271462830524C000C831E /* Debug */ = {
			isa = XCBuildConfiguration;
			buildSettings = {
				ALWAYS_SEARCH_USER_PATHS = NO;
				CLANG_ANALYZER_NONNULL = YES;
				CLANG_ANALYZER_NUMBER_OBJECT_CONVERSION = YES_AGGRESSIVE;
				CLANG_CXX_LANGUAGE_STANDARD = "gnu++17";
				CLANG_ENABLE_MODULES = YES;
				CLANG_ENABLE_OBJC_ARC = YES;
				CLANG_ENABLE_OBJC_WEAK = YES;
				CLANG_WARN_BLOCK_CAPTURE_AUTORELEASING = YES;
				CLANG_WARN_BOOL_CONVERSION = YES;
				CLANG_WARN_COMMA = YES;
				CLANG_WARN_CONSTANT_CONVERSION = YES;
				CLANG_WARN_DEPRECATED_OBJC_IMPLEMENTATIONS = YES;
				CLANG_WARN_DIRECT_OBJC_ISA_USAGE = YES_ERROR;
				CLANG_WARN_DOCUMENTATION_COMMENTS = YES;
				CLANG_WARN_EMPTY_BODY = YES;
				CLANG_WARN_ENUM_CONVERSION = YES;
				CLANG_WARN_INFINITE_RECURSION = YES;
				CLANG_WARN_INT_CONVERSION = YES;
				CLANG_WARN_NON_LITERAL_NULL_CONVERSION = YES;
				CLANG_WARN_OBJC_IMPLICIT_RETAIN_SELF = YES;
				CLANG_WARN_OBJC_LITERAL_CONVERSION = YES;
				CLANG_WARN_OBJC_ROOT_CLASS = YES_ERROR;
				CLANG_WARN_QUOTED_INCLUDE_IN_FRAMEWORK_HEADER = YES;
				CLANG_WARN_RANGE_LOOP_ANALYSIS = YES;
				CLANG_WARN_STRICT_PROTOTYPES = YES;
				CLANG_WARN_SUSPICIOUS_MOVE = YES;
				CLANG_WARN_UNGUARDED_AVAILABILITY = YES_AGGRESSIVE;
				CLANG_WARN_UNREACHABLE_CODE = YES;
				CLANG_WARN__DUPLICATE_METHOD_MATCH = YES;
				COPY_PHASE_STRIP = NO;
				DEBUG_INFORMATION_FORMAT = dwarf;
				ENABLE_STRICT_OBJC_MSGSEND = YES;
				ENABLE_TESTABILITY = YES;
				GCC_C_LANGUAGE_STANDARD = gnu11;
				GCC_DYNAMIC_NO_PIC = NO;
				GCC_NO_COMMON_BLOCKS = YES;
				GCC_OPTIMIZATION_LEVEL = 0;
				GCC_PREPROCESSOR_DEFINITIONS = (
					"DEBUG=1",
					"$(inherited)",
				);
				GCC_WARN_64_TO_32_BIT_CONVERSION = YES;
				GCC_WARN_ABOUT_RETURN_TYPE = YES_ERROR;
				GCC_WARN_UNDECLARED_SELECTOR = YES;
				GCC_WARN_UNINITIALIZED_AUTOS = YES_AGGRESSIVE;
				GCC_WARN_UNUSED_FUNCTION = YES;
				GCC_WARN_UNUSED_VARIABLE = YES;
				IPHONEOS_DEPLOYMENT_TARGET = 15.4;
				MTL_ENABLE_DEBUG_INFO = INCLUDE_SOURCE;
				MTL_FAST_MATH = YES;
				ONLY_ACTIVE_ARCH = YES;
				SDKROOT = iphoneos;
				SWIFT_ACTIVE_COMPILATION_CONDITIONS = DEBUG;
				SWIFT_OPTIMIZATION_LEVEL = "-Onone";
			};
			name = Debug;
		};
		7EE271472830524C000C831E /* Release */ = {
			isa = XCBuildConfiguration;
			buildSettings = {
				ALWAYS_SEARCH_USER_PATHS = NO;
				CLANG_ANALYZER_NONNULL = YES;
				CLANG_ANALYZER_NUMBER_OBJECT_CONVERSION = YES_AGGRESSIVE;
				CLANG_CXX_LANGUAGE_STANDARD = "gnu++17";
				CLANG_ENABLE_MODULES = YES;
				CLANG_ENABLE_OBJC_ARC = YES;
				CLANG_ENABLE_OBJC_WEAK = YES;
				CLANG_WARN_BLOCK_CAPTURE_AUTORELEASING = YES;
				CLANG_WARN_BOOL_CONVERSION = YES;
				CLANG_WARN_COMMA = YES;
				CLANG_WARN_CONSTANT_CONVERSION = YES;
				CLANG_WARN_DEPRECATED_OBJC_IMPLEMENTATIONS = YES;
				CLANG_WARN_DIRECT_OBJC_ISA_USAGE = YES_ERROR;
				CLANG_WARN_DOCUMENTATION_COMMENTS = YES;
				CLANG_WARN_EMPTY_BODY = YES;
				CLANG_WARN_ENUM_CONVERSION = YES;
				CLANG_WARN_INFINITE_RECURSION = YES;
				CLANG_WARN_INT_CONVERSION = YES;
				CLANG_WARN_NON_LITERAL_NULL_CONVERSION = YES;
				CLANG_WARN_OBJC_IMPLICIT_RETAIN_SELF = YES;
				CLANG_WARN_OBJC_LITERAL_CONVERSION = YES;
				CLANG_WARN_OBJC_ROOT_CLASS = YES_ERROR;
				CLANG_WARN_QUOTED_INCLUDE_IN_FRAMEWORK_HEADER = YES;
				CLANG_WARN_RANGE_LOOP_ANALYSIS = YES;
				CLANG_WARN_STRICT_PROTOTYPES = YES;
				CLANG_WARN_SUSPICIOUS_MOVE = YES;
				CLANG_WARN_UNGUARDED_AVAILABILITY = YES_AGGRESSIVE;
				CLANG_WARN_UNREACHABLE_CODE = YES;
				CLANG_WARN__DUPLICATE_METHOD_MATCH = YES;
				COPY_PHASE_STRIP = NO;
				DEBUG_INFORMATION_FORMAT = "dwarf-with-dsym";
				ENABLE_NS_ASSERTIONS = NO;
				ENABLE_STRICT_OBJC_MSGSEND = YES;
				GCC_C_LANGUAGE_STANDARD = gnu11;
				GCC_NO_COMMON_BLOCKS = YES;
				GCC_WARN_64_TO_32_BIT_CONVERSION = YES;
				GCC_WARN_ABOUT_RETURN_TYPE = YES_ERROR;
				GCC_WARN_UNDECLARED_SELECTOR = YES;
				GCC_WARN_UNINITIALIZED_AUTOS = YES_AGGRESSIVE;
				GCC_WARN_UNUSED_FUNCTION = YES;
				GCC_WARN_UNUSED_VARIABLE = YES;
				IPHONEOS_DEPLOYMENT_TARGET = 15.4;
				MTL_ENABLE_DEBUG_INFO = NO;
				MTL_FAST_MATH = YES;
				SDKROOT = iphoneos;
				SWIFT_COMPILATION_MODE = wholemodule;
				SWIFT_OPTIMIZATION_LEVEL = "-O";
				VALIDATE_PRODUCT = YES;
			};
			name = Release;
		};
		7EE271492830524C000C831E /* Debug */ = {
			isa = XCBuildConfiguration;
			buildSettings = {
				ASSETCATALOG_COMPILER_APPICON_NAME = AppIcon;
				ASSETCATALOG_COMPILER_GLOBAL_ACCENT_COLOR_NAME = AccentColor;
				CODE_SIGN_STYLE = Automatic;
				CURRENT_PROJECT_VERSION = 1;
				DEVELOPMENT_ASSET_PATHS = "\"CBL-SUI/Preview Content\"";
				DEVELOPMENT_TEAM = 44U668YQTW;
				ENABLE_PREVIEWS = YES;
				GENERATE_INFOPLIST_FILE = YES;
				INFOPLIST_KEY_UIApplicationSceneManifest_Generation = YES;
				INFOPLIST_KEY_UIApplicationSupportsIndirectInputEvents = YES;
				INFOPLIST_KEY_UILaunchScreen_Generation = YES;
				INFOPLIST_KEY_UISupportedInterfaceOrientations_iPad = "UIInterfaceOrientationPortrait UIInterfaceOrientationPortraitUpsideDown UIInterfaceOrientationLandscapeLeft UIInterfaceOrientationLandscapeRight";
				INFOPLIST_KEY_UISupportedInterfaceOrientations_iPhone = "UIInterfaceOrientationPortrait UIInterfaceOrientationLandscapeLeft UIInterfaceOrientationLandscapeRight";
				LD_RUNPATH_SEARCH_PATHS = (
					"$(inherited)",
					"@executable_path/Frameworks",
				);
				MARKETING_VERSION = 1.0;
				PRODUCT_BUNDLE_IDENTIFIER = "com.luciana.CBL-SUI";
				PRODUCT_NAME = "$(TARGET_NAME)";
				SWIFT_EMIT_LOC_STRINGS = YES;
				SWIFT_VERSION = 5.0;
				TARGETED_DEVICE_FAMILY = "1,2";
			};
			name = Debug;
		};
		7EE2714A2830524C000C831E /* Release */ = {
			isa = XCBuildConfiguration;
			buildSettings = {
				ASSETCATALOG_COMPILER_APPICON_NAME = AppIcon;
				ASSETCATALOG_COMPILER_GLOBAL_ACCENT_COLOR_NAME = AccentColor;
				CODE_SIGN_STYLE = Automatic;
				CURRENT_PROJECT_VERSION = 1;
				DEVELOPMENT_ASSET_PATHS = "\"CBL-SUI/Preview Content\"";
				DEVELOPMENT_TEAM = 44U668YQTW;
				ENABLE_PREVIEWS = YES;
				GENERATE_INFOPLIST_FILE = YES;
				INFOPLIST_KEY_UIApplicationSceneManifest_Generation = YES;
				INFOPLIST_KEY_UIApplicationSupportsIndirectInputEvents = YES;
				INFOPLIST_KEY_UILaunchScreen_Generation = YES;
				INFOPLIST_KEY_UISupportedInterfaceOrientations_iPad = "UIInterfaceOrientationPortrait UIInterfaceOrientationPortraitUpsideDown UIInterfaceOrientationLandscapeLeft UIInterfaceOrientationLandscapeRight";
				INFOPLIST_KEY_UISupportedInterfaceOrientations_iPhone = "UIInterfaceOrientationPortrait UIInterfaceOrientationLandscapeLeft UIInterfaceOrientationLandscapeRight";
				LD_RUNPATH_SEARCH_PATHS = (
					"$(inherited)",
					"@executable_path/Frameworks",
				);
				MARKETING_VERSION = 1.0;
				PRODUCT_BUNDLE_IDENTIFIER = "com.luciana.CBL-SUI";
				PRODUCT_NAME = "$(TARGET_NAME)";
				SWIFT_EMIT_LOC_STRINGS = YES;
				SWIFT_VERSION = 5.0;
				TARGETED_DEVICE_FAMILY = "1,2";
			};
			name = Release;
		};
/* End XCBuildConfiguration section */

/* Begin XCConfigurationList section */
		7EE271352830524B000C831E /* Build configuration list for PBXProject "CBL-SUI" */ = {
			isa = XCConfigurationList;
			buildConfigurations = (
				7EE271462830524C000C831E /* Debug */,
				7EE271472830524C000C831E /* Release */,
			);
			defaultConfigurationIsVisible = 0;
			defaultConfigurationName = Release;
		};
		7EE271482830524C000C831E /* Build configuration list for PBXNativeTarget "CBL-SUI" */ = {
			isa = XCConfigurationList;
			buildConfigurations = (
				7EE271492830524C000C831E /* Debug */,
				7EE2714A2830524C000C831E /* Release */,
			);
			defaultConfigurationIsVisible = 0;
			defaultConfigurationName = Release;
		};
/* End XCConfigurationList section */
	};
	rootObject = 7EE271322830524B000C831E /* Project object */;
}
